
Microsoft Visual Studio Solution File, Format Version 12.00
# Visual Studio Version 17
VisualStudioVersion = 17.12.35527.113 d17.12
MinimumVisualStudioVersion = 10.0.40219.1
Project("{FAE04EC0-301F-11D3-BF4B-00C04F79EFBC}") = "RabbitMqProducer", "RabbitMqProducer\RabbitMqProducer.csproj", "{962EBAC3-16A0-4B09-BCDE-1580198A18F2}"
EndProject
Project("{FAE04EC0-301F-11D3-BF4B-00C04F79EFBC}") = "RabbitMqConsumer", "RabbitMqConsumer\RabbitMqConsumer.csproj", "{BD1E0F1E-9B97-46D0-B501-B71063885E9B}"
EndProject
Project("{2150E333-8FDC-42A3-9474-1A3956D46DE8}") = "Solution Items", "Solution Items", "{2A8032D8-3178-4FF7-89DA-C706B489211A}"
	ProjectSection(SolutionItems) = preProject
		docker-compose.yml = docker-compose.yml
	EndProjectSection
EndProject
Global
	GlobalSection(SolutionConfigurationPlatforms) = preSolution
		Debug|Any CPU = Debug|Any CPU
		Release|Any CPU = Release|Any CPU
	EndGlobalSection
	GlobalSection(ProjectConfigurationPlatforms) = postSolution
		{962EBAC3-16A0-4B09-BCDE-1580198A18F2}.Debug|Any CPU.ActiveCfg = Debug|Any CPU
		{962EBAC3-16A0-4B09-BCDE-1580198A18F2}.Debug|Any CPU.Build.0 = Debug|Any CPU
		{962EBAC3-16A0-4B09-BCDE-1580198A18F2}.Release|Any CPU.ActiveCfg = Release|Any CPU
		{962EBAC3-16A0-4B09-BCDE-1580198A18F2}.Release|Any CPU.Build.0 = Release|Any CPU
		{BD1E0F1E-9B97-46D0-B501-B71063885E9B}.Debug|Any CPU.ActiveCfg = Debug|Any CPU
		{BD1E0F1E-9B97-46D0-B501-B71063885E9B}.Debug|Any CPU.Build.0 = Debug|Any CPU
		{BD1E0F1E-9B97-46D0-B501-B71063885E9B}.Release|Any CPU.ActiveCfg = Release|Any CPU
		{BD1E0F1E-9B97-46D0-B501-B71063885E9B}.Release|Any CPU.Build.0 = Release|Any CPU
	EndGlobalSection
	GlobalSection(SolutionProperties) = preSolution
		HideSolutionNode = FALSE
	EndGlobalSection
EndGlobal
